
Microsoft Visual Studio Solution File, Format Version 12.00
# Visual Studio Version 17
VisualStudioVersion = 17.7.34031.279
MinimumVisualStudioVersion = 10.0.40219.1
Project("{FAE04EC0-301F-11D3-BF4B-00C04F79EFBC}") = "OperationWatergate", "OperationWatergate\OperationWatergate.csproj", "{3E8D1ED8-3FAD-46D0-9962-DE33F5DC1B09}"
EndProject
Global
	GlobalSection(SolutionConfigurationPlatforms) = preSolution
		Debug|Any CPU = Debug|Any CPU
		Release|Any CPU = Release|Any CPU
	EndGlobalSection
	GlobalSection(ProjectConfigurationPlatforms) = postSolution
		{3E8D1ED8-3FAD-46D0-9962-DE33F5DC1B09}.Debug|Any CPU.ActiveCfg = Debug|Any CPU
		{3E8D1ED8-3FAD-46D0-9962-DE33F5DC1B09}.Debug|Any CPU.Build.0 = Debug|Any CPU
		{3E8D1ED8-3FAD-46D0-9962-DE33F5DC1B09}.Release|Any CPU.ActiveCfg = Release|Any CPU
		{3E8D1ED8-3FAD-46D0-9962-DE33F5DC1B09}.Release|Any CPU.Build.0 = Release|Any CPU
	EndGlobalSection
	GlobalSection(SolutionProperties) = preSolution
		HideSolutionNode = FALSE
	EndGlobalSection
	GlobalSection(ExtensibilityGlobals) = postSolution
		SolutionGuid = {A4BC88F1-4012-4C1B-A3C8-C90169C5C35B}
	EndGlobalSection
EndGlobal
